
Microsoft Visual Studio Solution File, Format Version 12.00
# Visual Studio Version 17
VisualStudioVersion = 17.4.33403.182
MinimumVisualStudioVersion = 10.0.40219.1
Project("{9A19103F-16F7-4668-BE54-9A1E7A4F7556}") = "JsonBenchmark.Net", "JsonBenchmark.Net\JsonBenchmark.Net.csproj", "{F3E4E5F7-E3F1-4CD9-8A66-0023FC583907}"
EndProject
Global
	GlobalSection(SolutionConfigurationPlatforms) = preSolution
		Debug|Any CPU = Debug|Any CPU
		Release|Any CPU = Release|Any CPU
	EndGlobalSection
	GlobalSection(ProjectConfigurationPlatforms) = postSolution
		{F3E4E5F7-E3F1-4CD9-8A66-0023FC583907}.Debug|Any CPU.ActiveCfg = Debug|Any CPU
		{F3E4E5F7-E3F1-4CD9-8A66-0023FC583907}.Debug|Any CPU.Build.0 = Debug|Any CPU
		{F3E4E5F7-E3F1-4CD9-8A66-0023FC583907}.Release|Any CPU.ActiveCfg = Release|Any CPU
		{F3E4E5F7-E3F1-4CD9-8A66-0023FC583907}.Release|Any CPU.Build.0 = Release|Any CPU
	EndGlobalSection
	GlobalSection(SolutionProperties) = preSolution
		HideSolutionNode = FALSE
	EndGlobalSection
	GlobalSection(ExtensibilityGlobals) = postSolution
		SolutionGuid = {C2E864F1-5DD1-41A4-9D46-23817584D08F}
	EndGlobalSection
EndGlobal
